# THIS IS AN AUTOGENERATED FILE. DO NOT EDIT THIS FILE DIRECTLY.
# yarn lockfile v1


"@reach/observe-rect@^1.1.0":
  version "1.1.0"
  resolved "https://registry.yarnpkg.com/@reach/observe-rect/-/observe-rect-1.1.0.tgz#4e967a93852b6004c3895d9ed8d4e5b41895afde"
  integrity sha512-kE+jvoj/OyJV24C03VvLt5zclb9ArJi04wWXMMFwQvdZjdHoBlN4g0ZQFjyy/ejPF1Z/dpUD5dhRdBiUmIGZTA==

"@scarf/scarf@^1.0.0":
  version "1.0.5"
  resolved "https://registry.yarnpkg.com/@scarf/scarf/-/scarf-1.0.5.tgz#accee0bce88a9047672f7c8faf3cada59c996b81"
  integrity sha512-9WKaGVpQH905Aqkk+BczFEeLQxS07rl04afFRPUG9IcSlOwmo5EVVuuNu0d4M9LMYucObvK0LoAe+5HfMW2QhQ==

bs-platform@^7.3.0:
  version "7.3.2"
  resolved "https://registry.yarnpkg.com/bs-platform/-/bs-platform-7.3.2.tgz#301f5c9b4e8cf5713cb60ca22e145e56e793affe"
  integrity sha512-seJL5g4anK9la4erv+B2o2sMHQCxDF6OCRl9en3hbaUos/S3JsusQ0sPp4ORsbx5eXfHLYBwPljwKXlgpXtsgQ==

react-virtual@^2.1.10:
  version "2.1.10"
  resolved "https://registry.yarnpkg.com/react-virtual/-/react-virtual-2.1.10.tgz#77b97421a90f7e89e5fbe07dcda27266bfc0ad7e"
  integrity sha512-yC5z157oZdBy97B4PAJSzYZ1hXA4/83tqm+dH3bjRxYPAj7SUov1tB3eRZFYvuJTSTkf+PmguD4GvnXglyx3dg==
  dependencies:
    "@reach/observe-rect" "^1.1.0"
    "@scarf/scarf" "^1.0.0"
    ts-toolbelt "^6.4.2"

reason-react@^0.8.0:
  version "0.8.0"
  resolved "https://registry.yarnpkg.com/reason-react/-/reason-react-0.8.0.tgz#a55143f95a872596c92b54595e7904c03ee7c9db"
  integrity sha512-97AfK3eCF6vfP8rnbq3k6GgXsZt//OiPMINTUk5luJ8W0Wt/JaYsDG6eWKP8Zx3gPpxSU1EPjB1pUm6o6fBnFA==

ts-toolbelt@^6.4.2:
  version "6.7.7"
  resolved "https://registry.yarnpkg.com/ts-toolbelt/-/ts-toolbelt-6.7.7.tgz#4d7f34cafd519bf0f1d6da5a4b07889db6ba0184"
  integrity sha512-GrgXML3KOnYymiyFNEohhizPtO+ZgTwEN9oIR+SvP6EPP5cj4qH1Xi5CU4iobgMUNYMEVhXqnBLY1tSonXwE+g==
